
Microsoft Visual Studio Solution File, Format Version 12.00
# Visual Studio Version 16
VisualStudioVersion = 16.0.29613.14
MinimumVisualStudioVersion = 10.0.40219.1
Project("{FAE04EC0-301F-11D3-BF4B-00C04F79EFBC}") = "RazorPagesMovie", "RazorPagesMovie.csproj", "{FFA8CA7A-9908-4134-B212-24597C8E8FC7}"
EndProject
Global
	GlobalSection(SolutionConfigurationPlatforms) = preSolution
		Debug|Any CPU = Debug|Any CPU
		Release|Any CPU = Release|Any CPU
	EndGlobalSection
	GlobalSection(ProjectConfigurationPlatforms) = postSolution
		{FFA8CA7A-9908-4134-B212-24597C8E8FC7}.Debug|Any CPU.ActiveCfg = Debug|Any CPU
		{FFA8CA7A-9908-4134-B212-24597C8E8FC7}.Debug|Any CPU.Build.0 = Debug|Any CPU
		{FFA8CA7A-9908-4134-B212-24597C8E8FC7}.Release|Any CPU.ActiveCfg = Release|Any CPU
		{FFA8CA7A-9908-4134-B212-24597C8E8FC7}.Release|Any CPU.Build.0 = Release|Any CPU
	EndGlobalSection
	GlobalSection(SolutionProperties) = preSolution
		HideSolutionNode = FALSE
	EndGlobalSection
	GlobalSection(ExtensibilityGlobals) = postSolution
		SolutionGuid = {CE51C903-3CF0-421C-8EDE-0BE635B0B4D7}
	EndGlobalSection
EndGlobal
